
Microsoft Visual Studio Solution File, Format Version 12.00
# Visual Studio 15
VisualStudioVersion = 15.0.34829.251
MinimumVisualStudioVersion = 10.0.40219.1
Project("{8BC9CEB8-8B4A-11D0-8D11-00A0C91BC942}") = "una-rpg-cpp", "una-rpg-cpp.vcxproj", "{31402AB2-05BB-4BC4-BE9B-D94DFAC713E8}"
EndProject
Global
	GlobalSection(SolutionConfigurationPlatforms) = preSolution
		Debug|x64 = Debug|x64
		Debug|x86 = Debug|x86
		Release|x64 = Release|x64
		Release|x86 = Release|x86
	EndGlobalSection
	GlobalSection(ProjectConfigurationPlatforms) = postSolution
		{31402AB2-05BB-4BC4-BE9B-D94DFAC713E8}.Debug|x64.ActiveCfg = Debug|x64
		{31402AB2-05BB-4BC4-BE9B-D94DFAC713E8}.Debug|x64.Build.0 = Debug|x64
		{31402AB2-05BB-4BC4-BE9B-D94DFAC713E8}.Debug|x86.ActiveCfg = Release|Win32
		{31402AB2-05BB-4BC4-BE9B-D94DFAC713E8}.Debug|x86.Build.0 = Release|Win32
		{31402AB2-05BB-4BC4-BE9B-D94DFAC713E8}.Release|x64.ActiveCfg = Release|x64
		{31402AB2-05BB-4BC4-BE9B-D94DFAC713E8}.Release|x64.Build.0 = Release|x64
		{31402AB2-05BB-4BC4-BE9B-D94DFAC713E8}.Release|x86.ActiveCfg = Release|Win32
		{31402AB2-05BB-4BC4-BE9B-D94DFAC713E8}.Release|x86.Build.0 = Release|Win32
	EndGlobalSection
	GlobalSection(SolutionProperties) = preSolution
		HideSolutionNode = FALSE
	EndGlobalSection
	GlobalSection(ExtensibilityGlobals) = postSolution
		SolutionGuid = {91510BF9-FFFC-4038-9A2D-E22449CD1F1C}
	EndGlobalSection
EndGlobal
