<?xml version="1.0" encoding="utf-8"?>
<Project ToolsVersion="4.0" xmlns="http://schemas.microsoft.com/developer/msbuild/2003">
  <ItemGroup>
    <Filter Include="Source Files">
      <UniqueIdentifier>{4FC737F1-C7A5-4376-A066-2A32D752A2FF}</UniqueIdentifier>
      <Extensions>cpp;c;cc;cxx;def;odl;idl;hpj;bat;asm;asmx</Extensions>
    </Filter>
    <Filter Include="Header Files">
      <UniqueIdentifier>{93995380-89BD-4b04-88EB-625FBE52EBFB}</UniqueIdentifier>
      <Extensions>h;hh;hpp;hxx;hm;inl;inc;ipp;xsd</Extensions>
    </Filter>
    <Filter Include="Resource Files">
      <UniqueIdentifier>{67DA6AB6-F800-4c08-8B7A-83BB121AAD01}</UniqueIdentifier>
      <Extensions>rc;ico;cur;bmp;dlg;rc2;rct;bin;rgs;gif;jpg;jpeg;jpe;resx;tiff;tif;png;wav;mfcribbon-ms</Extensions>
    </Filter>
  </ItemGroup>
  <ItemGroup>
    <None Include=".gitignore">
      <Filter>Source Files</Filter>
    </None>
    <None Include="README.md">
      <Filter>Source Files</Filter>
    </None>
    <None Include="packages.config" />
  </ItemGroup>
  <ItemGroup>
    <ClCompile Include="src\Character\Enemy\Enemy.cpp">
      <Filter>Source Files</Filter>
    </ClCompile>
    <ClCompile Include="src\Character\Hero\Class\Archer.cpp">
      <Filter>Source Files</Filter>
    </ClCompile>
    <ClCompile Include="src\Character\Hero\Class\Mage.cpp">
      <Filter>Source Files</Filter>
    </ClCompile>
    <ClCompile Include="src\Character\Hero\Class\Tank.cpp">
      <Filter>Source Files</Filter>
    </ClCompile>
    <ClCompile Include="src\Character\Hero\Class\Warrior.cpp">
      <Filter>Source Files</Filter>
    </ClCompile>
    <ClCompile Include="src\Character\Hero\Hero.cpp">
      <Filter>Source Files</Filter>
    </ClCompile>
    <ClCompile Include="src\Character\BaseCharacter.cpp">
      <Filter>Source Files</Filter>
    </ClCompile>
    <ClCompile Include="src\Items\AttackItems\AttackBoostItem.cpp">
      <Filter>Source Files</Filter>
    </ClCompile>
    <ClCompile Include="src\Items\DefenseItems\DefenseBoostItem.cpp">
      <Filter>Source Files</Filter>
    </ClCompile>
    <ClCompile Include="src\Items\Potions\HealingItem.cpp">
      <Filter>Source Files</Filter>
    </ClCompile>
    <ClCompile Include="src\Items\Item.cpp">
      <Filter>Source Files</Filter>
    </ClCompile>
    <ClCompile Include="src\una-rpg-cpp.cpp">
      <Filter>Source Files</Filter>
    </ClCompile>
    <ClCompile Include="src\Database\FirebaseClient.cpp">
      <Filter>Source Files</Filter>
    </ClCompile>
    <ClCompile Include="src\Database\FirebaseDataFetcher.cpp">
      <Filter>Source Files</Filter>
    </ClCompile>
    <ClCompile Include="src\Interface\Menu.cpp">
      <Filter>Source Files</Filter>
    </ClCompile>
    <ClCompile Include="src\Interface\Screen.cpp">
      <Filter>Source Files</Filter>
    </ClCompile>
    <ClCompile Include="src\Interface\Game.cpp">
      <Filter>Source Files</Filter>
    </ClCompile>
  </ItemGroup>
  <ItemGroup>
    <ClInclude Include="src\Character\Enemy\Enemy.h">
      <Filter>Header Files</Filter>
    </ClInclude>
    <ClInclude Include="src\Character\Hero\Class\Archer.h">
      <Filter>Header Files</Filter>
    </ClInclude>
    <ClInclude Include="src\Character\Hero\Class\Mage.h">
      <Filter>Header Files</Filter>
    </ClInclude>
    <ClInclude Include="src\Character\Hero\Class\Tank.h">
      <Filter>Header Files</Filter>
    </ClInclude>
    <ClInclude Include="src\Character\Hero\Class\Warrior.h">
      <Filter>Header Files</Filter>
    </ClInclude>
    <ClInclude Include="src\Character\Hero\Hero.h">
      <Filter>Header Files</Filter>
    </ClInclude>
    <ClInclude Include="src\Character\BaseCharacter.h">
      <Filter>Header Files</Filter>
    </ClInclude>
    <ClInclude Include="src\Items\AttackItems\AttackBoostItem.h">
      <Filter>Header Files</Filter>
    </ClInclude>
    <ClInclude Include="src\Items\DefenseItems\DefenseBoostItem.h">
      <Filter>Header Files</Filter>
    </ClInclude>
    <ClInclude Include="src\Items\Potions\HealingItem.h">
      <Filter>Header Files</Filter>
    </ClInclude>
    <ClInclude Include="src\Items\Item.h">
      <Filter>Header Files</Filter>
    </ClInclude>
    <ClInclude Include="src\Database\FirebaseClient.h">
      <Filter>Header Files</Filter>
    </ClInclude>
    <ClInclude Include="src\Database\FirebaseDataFetcher.h">
      <Filter>Header Files</Filter>
    </ClInclude>
    <ClInclude Include="src\Interface\Menu.h">
      <Filter>Header Files</Filter>
    </ClInclude>
    <ClInclude Include="src\Interface\Screen.h">
      <Filter>Header Files</Filter>
    </ClInclude>
    <ClInclude Include="src\Interface\Game.h">
      <Filter>Header Files</Filter>
    </ClInclude>
  </ItemGroup>
</Project>